
Microsoft Visual Studio Solution File, Format Version 12.00
# Visual Studio Version 17
VisualStudioVersion = 17.3.32901.215
MinimumVisualStudioVersion = 10.0.40219.1
Project("{FAE04EC0-301F-11D3-BF4B-00C04F79EFBC}") = "Day_2", "Day_2\Day_2.csproj", "{ECB596D1-01F7-47DA-9578-EF9F1A9FA446}"
EndProject
Global
	GlobalSection(SolutionConfigurationPlatforms) = preSolution
		Debug|Any CPU = Debug|Any CPU
		Release|Any CPU = Release|Any CPU
	EndGlobalSection
	GlobalSection(ProjectConfigurationPlatforms) = postSolution
		{ECB596D1-01F7-47DA-9578-EF9F1A9FA446}.Debug|Any CPU.ActiveCfg = Debug|Any CPU
		{ECB596D1-01F7-47DA-9578-EF9F1A9FA446}.Debug|Any CPU.Build.0 = Debug|Any CPU
		{ECB596D1-01F7-47DA-9578-EF9F1A9FA446}.Release|Any CPU.ActiveCfg = Release|Any CPU
		{ECB596D1-01F7-47DA-9578-EF9F1A9FA446}.Release|Any CPU.Build.0 = Release|Any CPU
	EndGlobalSection
	GlobalSection(SolutionProperties) = preSolution
		HideSolutionNode = FALSE
	EndGlobalSection
	GlobalSection(ExtensibilityGlobals) = postSolution
		SolutionGuid = {BA035299-0AC9-4396-B579-F3C0CEE9A5E4}
	EndGlobalSection
EndGlobal
