
Microsoft Visual Studio Solution File, Format Version 12.00
# Visual Studio Version 16
VisualStudioVersion = 16.0.31112.23
MinimumVisualStudioVersion = 10.0.40219.1
Project("{FAE04EC0-301F-11D3-BF4B-00C04F79EFBC}") = "DayTwoAoC", "DayTwoAoC.csproj", "{4700B817-4510-406A-B37B-485ABAB77CB9}"
EndProject
Project("{FAE04EC0-301F-11D3-BF4B-00C04F79EFBC}") = "DatTwoPartTwoAoC", "..\Day2\DatTwoPartTwoAoC\DatTwoPartTwoAoC.csproj", "{53FA7495-6D77-4C2E-8814-FE8FF2BA9ED1}"
EndProject
Global
	GlobalSection(SolutionConfigurationPlatforms) = preSolution
		Debug|Any CPU = Debug|Any CPU
		Release|Any CPU = Release|Any CPU
	EndGlobalSection
	GlobalSection(ProjectConfigurationPlatforms) = postSolution
		{4700B817-4510-406A-B37B-485ABAB77CB9}.Debug|Any CPU.ActiveCfg = Debug|Any CPU
		{4700B817-4510-406A-B37B-485ABAB77CB9}.Debug|Any CPU.Build.0 = Debug|Any CPU
		{4700B817-4510-406A-B37B-485ABAB77CB9}.Release|Any CPU.ActiveCfg = Release|Any CPU
		{4700B817-4510-406A-B37B-485ABAB77CB9}.Release|Any CPU.Build.0 = Release|Any CPU
		{53FA7495-6D77-4C2E-8814-FE8FF2BA9ED1}.Debug|Any CPU.ActiveCfg = Debug|Any CPU
		{53FA7495-6D77-4C2E-8814-FE8FF2BA9ED1}.Debug|Any CPU.Build.0 = Debug|Any CPU
		{53FA7495-6D77-4C2E-8814-FE8FF2BA9ED1}.Release|Any CPU.ActiveCfg = Release|Any CPU
		{53FA7495-6D77-4C2E-8814-FE8FF2BA9ED1}.Release|Any CPU.Build.0 = Release|Any CPU
	EndGlobalSection
	GlobalSection(SolutionProperties) = preSolution
		HideSolutionNode = FALSE
	EndGlobalSection
	GlobalSection(ExtensibilityGlobals) = postSolution
		SolutionGuid = {8C2B2C29-549A-4142-884A-A84845F9670C}
	EndGlobalSection
EndGlobal
