
Microsoft Visual Studio Solution File, Format Version 12.00
# Visual Studio Version 16
VisualStudioVersion = 16.0.31112.23
MinimumVisualStudioVersion = 10.0.40219.1
Project("{FAE04EC0-301F-11D3-BF4B-00C04F79EFBC}") = "DayThreeAoC", "DayThreeAoC.csproj", "{A602A7EA-98AD-4893-8A45-7660D9ED3E63}"
EndProject
Global
	GlobalSection(SolutionConfigurationPlatforms) = preSolution
		Debug|Any CPU = Debug|Any CPU
		Release|Any CPU = Release|Any CPU
	EndGlobalSection
	GlobalSection(ProjectConfigurationPlatforms) = postSolution
		{A602A7EA-98AD-4893-8A45-7660D9ED3E63}.Debug|Any CPU.ActiveCfg = Debug|Any CPU
		{A602A7EA-98AD-4893-8A45-7660D9ED3E63}.Debug|Any CPU.Build.0 = Debug|Any CPU
		{A602A7EA-98AD-4893-8A45-7660D9ED3E63}.Release|Any CPU.ActiveCfg = Release|Any CPU
		{A602A7EA-98AD-4893-8A45-7660D9ED3E63}.Release|Any CPU.Build.0 = Release|Any CPU
	EndGlobalSection
	GlobalSection(SolutionProperties) = preSolution
		HideSolutionNode = FALSE
	EndGlobalSection
	GlobalSection(ExtensibilityGlobals) = postSolution
		SolutionGuid = {A0E99148-3B10-4248-BC53-E80CEDDB0D83}
	EndGlobalSection
EndGlobal
